# This file is auto-generated by agr. Do not edit.

version = 1

[[skill]]
path = "skills/code-review"
installed-name = "code-review"

[[skill]]
handle = "anthropics/skills/frontend-design"
source = "github"
commit = "12ab35c2eb5668c95810e6a6066f40f4218adc39"
content-hash = "sha256:2d7213d7574d5be4e90bff599a26be985b88058b9328a1751358ae9e15bfc53e"
installed-name = "frontend-design"
